
Microsoft Visual Studio Solution File, Format Version 12.00
# Visual Studio Version 16
VisualStudioVersion = 16.0.34931.43
MinimumVisualStudioVersion = 10.0.40219.1
Project("{FAE04EC0-301F-11D3-BF4B-00C04F79EFBC}") = "TimCoRetailManager_API", "TimCoRetailManager_API\TimCoRetailManager_API.csproj", "{B6A2FC3A-A962-4F9B-8EA2-C35474843453}"
EndProject
Project("{00D1A9C2-B5F0-4AF3-8072-F6C62B433612}") = "TimCoRetailManager_DB", "TimCoRetailManager_DB\TimCoRetailManager_DB.sqlproj", "{E30BEC20-C35C-4E2A-91DA-9EF580D9B611}"
EndProject
Project("{FAE04EC0-301F-11D3-BF4B-00C04F79EFBC}") = "TimCoRetailManager_WPF", "TimCoRetailManager_WPF\TimCoRetailManager_WPF.csproj", "{42731B86-ADD3-423B-84DF-C0E5452DCBD4}"
EndProject
Project("{FAE04EC0-301F-11D3-BF4B-00C04F79EFBC}") = "TimCoRetailManager_API.Library", "TimCoRetailManager_API.Library\TimCoRetailManager_API.Library.csproj", "{8D900CC9-50CE-45FA-BDC1-584B54D16A56}"
EndProject
Global
	GlobalSection(SolutionConfigurationPlatforms) = preSolution
		Debug|Any CPU = Debug|Any CPU
		Release|Any CPU = Release|Any CPU
	EndGlobalSection
	GlobalSection(ProjectConfigurationPlatforms) = postSolution
		{B6A2FC3A-A962-4F9B-8EA2-C35474843453}.Debug|Any CPU.ActiveCfg = Debug|Any CPU
		{B6A2FC3A-A962-4F9B-8EA2-C35474843453}.Debug|Any CPU.Build.0 = Debug|Any CPU
		{B6A2FC3A-A962-4F9B-8EA2-C35474843453}.Release|Any CPU.ActiveCfg = Release|Any CPU
		{B6A2FC3A-A962-4F9B-8EA2-C35474843453}.Release|Any CPU.Build.0 = Release|Any CPU
		{E30BEC20-C35C-4E2A-91DA-9EF580D9B611}.Debug|Any CPU.ActiveCfg = Debug|Any CPU
		{E30BEC20-C35C-4E2A-91DA-9EF580D9B611}.Debug|Any CPU.Build.0 = Debug|Any CPU
		{E30BEC20-C35C-4E2A-91DA-9EF580D9B611}.Debug|Any CPU.Deploy.0 = Debug|Any CPU
		{E30BEC20-C35C-4E2A-91DA-9EF580D9B611}.Release|Any CPU.ActiveCfg = Release|Any CPU
		{E30BEC20-C35C-4E2A-91DA-9EF580D9B611}.Release|Any CPU.Build.0 = Release|Any CPU
		{E30BEC20-C35C-4E2A-91DA-9EF580D9B611}.Release|Any CPU.Deploy.0 = Release|Any CPU
		{42731B86-ADD3-423B-84DF-C0E5452DCBD4}.Debug|Any CPU.ActiveCfg = Debug|Any CPU
		{42731B86-ADD3-423B-84DF-C0E5452DCBD4}.Debug|Any CPU.Build.0 = Debug|Any CPU
		{42731B86-ADD3-423B-84DF-C0E5452DCBD4}.Release|Any CPU.ActiveCfg = Release|Any CPU
		{42731B86-ADD3-423B-84DF-C0E5452DCBD4}.Release|Any CPU.Build.0 = Release|Any CPU
		{8D900CC9-50CE-45FA-BDC1-584B54D16A56}.Debug|Any CPU.ActiveCfg = Debug|Any CPU
		{8D900CC9-50CE-45FA-BDC1-584B54D16A56}.Debug|Any CPU.Build.0 = Debug|Any CPU
		{8D900CC9-50CE-45FA-BDC1-584B54D16A56}.Release|Any CPU.ActiveCfg = Release|Any CPU
		{8D900CC9-50CE-45FA-BDC1-584B54D16A56}.Release|Any CPU.Build.0 = Release|Any CPU
	EndGlobalSection
	GlobalSection(SolutionProperties) = preSolution
		HideSolutionNode = FALSE
	EndGlobalSection
	GlobalSection(ExtensibilityGlobals) = postSolution
		SolutionGuid = {E7873D72-9BFE-4788-AEEE-0A81D4FD5907}
	EndGlobalSection
EndGlobal
